// !$*UTF8*$!
{
	archiveVersion = 1;
	classes = {
	};
	objectVersion = 70;
	objects = {

/* Begin PBXBuildFile section */
		D98012072F6CB3F400AA85AF /* WidgetKit.framework in Frameworks */ = {isa = PBXBuildFile; fileRef = D98012062F6CB3F400AA85AF /* WidgetKit.framework */; };
		D98012092F6CB3F400AA85AF /* SwiftUI.framework in Frameworks */ = {isa = PBXBuildFile; fileRef = D98012082F6CB3F400AA85AF /* SwiftUI.framework */; };
		D98012182F6CB3F500AA85AF /* PomodoroWidgetExtension.appex in Embed Foundation Extensions */ = {isa = PBXBuildFile; fileRef = D98012042F6CB3F400AA85AF /* PomodoroWidgetExtension.appex */; settings = {ATTRIBUTES = (RemoveHeadersOnCopy, ); }; };
		DD000001000000000000001 /* PomodoroApp.swift in Sources */ = {isa = PBXBuildFile; fileRef = DD000001000000000000002 /* PomodoroApp.swift */; };
		DD000002000000000000001 /* ContentView.swift in Sources */ = {isa = PBXBuildFile; fileRef = DD000002000000000000002 /* ContentView.swift */; };
		DD000003000000000000001 /* PomodoroAttributes.swift in Sources */ = {isa = PBXBuildFile; fileRef = DD000003000000000000002 /* PomodoroAttributes.swift */; };
		DD000004000000000000001 /* PomodoroActivityManager.swift in Sources */ = {isa = PBXBuildFile; fileRef = DD000004000000000000002 /* PomodoroActivityManager.swift */; };
		DD000005000000000000001 /* LiveActivityPreviewView.swift in Sources */ = {isa = PBXBuildFile; fileRef = DD000005000000000000002 /* LiveActivityPreviewView.swift */; };
		DD000006000000000000001 /* Assets.xcassets in Resources */ = {isa = PBXBuildFile; fileRef = DD000006000000000000002 /* Assets.xcassets */; };
		DD000007000000000000001 /* Preview Assets.xcassets in Resources */ = {isa = PBXBuildFile; fileRef = DD000007000000000000002 /* Preview Assets.xcassets */; };
		DD000008000000000000001 /* MoonPhaseService.swift in Sources */ = {isa = PBXBuildFile; fileRef = DD000008000000000000002 /* MoonPhaseService.swift */; };
/* End PBXBuildFile section */

/* Begin PBXContainerItemProxy section */
		D98012162F6CB3F500AA85AF /* PBXContainerItemProxy */ = {
			isa = PBXContainerItemProxy;
			containerPortal = DD000014000000000000001 /* Project object */;
			proxyType = 1;
			remoteGlobalIDString = D98012032F6CB3F400AA85AF;
			remoteInfo = PomodoroWidgetExtension;
		};
/* End PBXContainerItemProxy section */

/* Begin PBXCopyFilesBuildPhase section */
		D980121D2F6CB3F500AA85AF /* Embed Foundation Extensions */ = {
			isa = PBXCopyFilesBuildPhase;
			buildActionMask = 2147483647;
			dstPath = "";
			dstSubfolderSpec = 13;
			files = (
				D98012182F6CB3F500AA85AF /* PomodoroWidgetExtension.appex in Embed Foundation Extensions */,
			);
			name = "Embed Foundation Extensions";
			runOnlyForDeploymentPostprocessing = 0;
		};
/* End PBXCopyFilesBuildPhase section */

/* Begin PBXFileReference section */
		D98012042F6CB3F400AA85AF /* PomodoroWidgetExtension.appex */ = {isa = PBXFileReference; explicitFileType = "wrapper.app-extension"; includeInIndex = 0; path = PomodoroWidgetExtension.appex; sourceTree = BUILT_PRODUCTS_DIR; };
		D98012062F6CB3F400AA85AF /* WidgetKit.framework */ = {isa = PBXFileReference; lastKnownFileType = wrapper.framework; name = WidgetKit.framework; path = System/Library/Frameworks/WidgetKit.framework; sourceTree = SDKROOT; };
		D98012082F6CB3F400AA85AF /* SwiftUI.framework */ = {isa = PBXFileReference; lastKnownFileType = wrapper.framework; name = SwiftUI.framework; path = System/Library/Frameworks/SwiftUI.framework; sourceTree = SDKROOT; };
		DD000001000000000000002 /* PomodoroApp.swift */ = {isa = PBXFileReference; lastKnownFileType = sourcecode.swift; path = PomodoroApp.swift; sourceTree = "<group>"; };
		DD000002000000000000002 /* ContentView.swift */ = {isa = PBXFileReference; lastKnownFileType = sourcecode.swift; path = ContentView.swift; sourceTree = "<group>"; };
		DD000003000000000000002 /* PomodoroAttributes.swift */ = {isa = PBXFileReference; lastKnownFileType = sourcecode.swift; path = PomodoroAttributes.swift; sourceTree = "<group>"; };
		DD000004000000000000002 /* PomodoroActivityManager.swift */ = {isa = PBXFileReference; lastKnownFileType = sourcecode.swift; path = PomodoroActivityManager.swift; sourceTree = "<group>"; };
		DD000005000000000000002 /* LiveActivityPreviewView.swift */ = {isa = PBXFileReference; lastKnownFileType = sourcecode.swift; path = LiveActivityPreviewView.swift; sourceTree = "<group>"; };
		DD000006000000000000002 /* Assets.xcassets */ = {isa = PBXFileReference; lastKnownFileType = folder.assetcatalog; path = Assets.xcassets; sourceTree = "<group>"; };
		DD000007000000000000002 /* Preview Assets.xcassets */ = {isa = PBXFileReference; lastKnownFileType = folder.assetcatalog; path = "Preview Assets.xcassets"; sourceTree = "<group>"; };
		DD000008000000000000002 /* MoonPhaseService.swift */ = {isa = PBXFileReference; lastKnownFileType = sourcecode.swift; path = MoonPhaseService.swift; sourceTree = "<group>"; };
		DD00000A000000000000002 /* ActivityKitDemo.app */ = {isa = PBXFileReference; explicitFileType = wrapper.application; includeInIndex = 0; path = ActivityKitDemo.app; sourceTree = BUILT_PRODUCTS_DIR; };
/* End PBXFileReference section */

/* Begin PBXFileSystemSynchronizedRootGroup section */
		D980120A2F6CB3F400AA85AF /* PomodoroWidget */ = {isa = PBXFileSystemSynchronizedRootGroup; explicitFileTypes = {}; explicitFolders = (); path = PomodoroWidget; sourceTree = "<group>"; };
/* End PBXFileSystemSynchronizedRootGroup section */

/* Begin PBXFrameworksBuildPhase section */
		D98012012F6CB3F400AA85AF /* Frameworks */ = {
			isa = PBXFrameworksBuildPhase;
			buildActionMask = 2147483647;
			files = (
				D98012092F6CB3F400AA85AF /* SwiftUI.framework in Frameworks */,
				D98012072F6CB3F400AA85AF /* WidgetKit.framework in Frameworks */,
			);
			runOnlyForDeploymentPostprocessing = 0;
		};
		DD00000B000000000000001 /* Frameworks */ = {
			isa = PBXFrameworksBuildPhase;
			buildActionMask = 2147483647;
			files = (
			);
			runOnlyForDeploymentPostprocessing = 0;
		};
/* End PBXFrameworksBuildPhase section */

/* Begin PBXGroup section */
		D98012052F6CB3F400AA85AF /* Frameworks */ = {
			isa = PBXGroup;
			children = (
				D98012062F6CB3F400AA85AF /* WidgetKit.framework */,
				D98012082F6CB3F400AA85AF /* SwiftUI.framework */,
			);
			name = Frameworks;
			sourceTree = "<group>";
		};
		DD00000C000000000000001 = {
			isa = PBXGroup;
			children = (
				DD00000D000000000000001 /* ActivityKitDemo */,
				D980120A2F6CB3F400AA85AF /* PomodoroWidget */,
				D98012052F6CB3F400AA85AF /* Frameworks */,
				DD00000E000000000000001 /* Products */,
			);
			sourceTree = "<group>";
		};
		DD00000D000000000000001 /* ActivityKitDemo */ = {
			isa = PBXGroup;
			children = (
				DD000001000000000000002 /* PomodoroApp.swift */,
				DD000002000000000000002 /* ContentView.swift */,
				DD000003000000000000002 /* PomodoroAttributes.swift */,
				DD000004000000000000002 /* PomodoroActivityManager.swift */,
				DD000005000000000000002 /* LiveActivityPreviewView.swift */,
				DD000008000000000000002 /* MoonPhaseService.swift */,
				DD000006000000000000002 /* Assets.xcassets */,
				DD00000F000000000000001 /* Preview Content */,
			);
			path = ActivityKitDemo;
			sourceTree = "<group>";
		};
		DD00000E000000000000001 /* Products */ = {
			isa = PBXGroup;
			children = (
				DD00000A000000000000002 /* ActivityKitDemo.app */,
				D98012042F6CB3F400AA85AF /* PomodoroWidgetExtension.appex */,
			);
			name = Products;
			sourceTree = "<group>";
		};
		DD00000F000000000000001 /* Preview Content */ = {
			isa = PBXGroup;
			children = (
				DD000007000000000000002 /* Preview Assets.xcassets */,
			);
			path = "Preview Content";
			sourceTree = "<group>";
		};
/* End PBXGroup section */

/* Begin PBXNativeTarget section */
		D98012032F6CB3F400AA85AF /* PomodoroWidgetExtension */ = {
			isa = PBXNativeTarget;
			buildConfigurationList = D980121A2F6CB3F500AA85AF /* Build configuration list for PBXNativeTarget "PomodoroWidgetExtension" */;
			buildPhases = (
				D98012002F6CB3F400AA85AF /* Sources */,
				D98012012F6CB3F400AA85AF /* Frameworks */,
				D98012022F6CB3F400AA85AF /* Resources */,
			);
			buildRules = (
			);
			dependencies = (
			);
			fileSystemSynchronizedGroups = (
				D980120A2F6CB3F400AA85AF /* PomodoroWidget */,
			);
			name = PomodoroWidgetExtension;
			packageProductDependencies = (
			);
			productName = PomodoroWidgetExtension;
			productReference = D98012042F6CB3F400AA85AF /* PomodoroWidgetExtension.appex */;
			productType = "com.apple.product-type.app-extension";
		};
		DD000010000000000000001 /* ActivityKitDemo */ = {
			isa = PBXNativeTarget;
			buildConfigurationList = DD000011000000000000001 /* Build configuration list for PBXNativeTarget "ActivityKitDemo" */;
			buildPhases = (
				DD000012000000000000001 /* Sources */,
				DD00000B000000000000001 /* Frameworks */,
				DD000013000000000000001 /* Resources */,
				D980121D2F6CB3F500AA85AF /* Embed Foundation Extensions */,
			);
			buildRules = (
			);
			dependencies = (
				D98012172F6CB3F500AA85AF /* PBXTargetDependency */,
			);
			name = ActivityKitDemo;
			productName = ActivityKitDemo;
			productReference = DD00000A000000000000002 /* ActivityKitDemo.app */;
			productType = "com.apple.product-type.application";
		};
/* End PBXNativeTarget section */

/* Begin PBXProject section */
		DD000014000000000000001 /* Project object */ = {
			isa = PBXProject;
			attributes = {
				BuildIndependentTargetsInParallel = 1;
				LastSwiftUpdateCheck = 2620;
				LastUpgradeCheck = 1520;
				TargetAttributes = {
					D98012032F6CB3F400AA85AF = {
						CreatedOnToolsVersion = 26.2;
					};
					DD000010000000000000001 = {
						CreatedOnToolsVersion = 15.2;
					};
				};
			};
			buildConfigurationList = DD000015000000000000001 /* Build configuration list for PBXProject "ActivityKitDemo" */;
			compatibilityVersion = "Xcode 14.0";
			developmentRegion = en;
			hasScannedForEncodings = 0;
			knownRegions = (
				en,
				Base,
			);
			mainGroup = DD00000C000000000000001;
			productRefGroup = DD00000E000000000000001 /* Products */;
			projectDirPath = "";
			projectRoot = "";
			targets = (
				DD000010000000000000001 /* ActivityKitDemo */,
				D98012032F6CB3F400AA85AF /* PomodoroWidgetExtension */,
			);
		};
/* End PBXProject section */

/* Begin PBXResourcesBuildPhase section */
		D98012022F6CB3F400AA85AF /* Resources */ = {
			isa = PBXResourcesBuildPhase;
			buildActionMask = 2147483647;
			files = (
			);
			runOnlyForDeploymentPostprocessing = 0;
		};
		DD000013000000000000001 /* Resources */ = {
			isa = PBXResourcesBuildPhase;
			buildActionMask = 2147483647;
			files = (
				DD000007000000000000001 /* Preview Assets.xcassets in Resources */,
				DD000006000000000000001 /* Assets.xcassets in Resources */,
			);
			runOnlyForDeploymentPostprocessing = 0;
		};
/* End PBXResourcesBuildPhase section */

/* Begin PBXSourcesBuildPhase section */
		D98012002F6CB3F400AA85AF /* Sources */ = {
			isa = PBXSourcesBuildPhase;
			buildActionMask = 2147483647;
			files = (
			);
			runOnlyForDeploymentPostprocessing = 0;
		};
		DD000012000000000000001 /* Sources */ = {
			isa = PBXSourcesBuildPhase;
			buildActionMask = 2147483647;
			files = (
				DD000001000000000000001 /* PomodoroApp.swift in Sources */,
				DD000002000000000000001 /* ContentView.swift in Sources */,
				DD000003000000000000001 /* PomodoroAttributes.swift in Sources */,
				DD000004000000000000001 /* PomodoroActivityManager.swift in Sources */,
				DD000005000000000000001 /* LiveActivityPreviewView.swift in Sources */,
				DD000008000000000000001 /* MoonPhaseService.swift in Sources */,
			);
			runOnlyForDeploymentPostprocessing = 0;
		};
/* End PBXSourcesBuildPhase section */

/* Begin PBXTargetDependency section */
		D98012172F6CB3F500AA85AF /* PBXTargetDependency */ = {
			isa = PBXTargetDependency;
			target = D98012032F6CB3F400AA85AF /* PomodoroWidgetExtension */;
			targetProxy = D98012162F6CB3F500AA85AF /* PBXContainerItemProxy */;
		};
/* End PBXTargetDependency section */

/* Begin XCBuildConfiguration section */
		D980121B2F6CB3F500AA85AF /* Debug */ = {
			isa = XCBuildConfiguration;
			buildSettings = {
				ASSETCATALOG_COMPILER_GLOBAL_ACCENT_COLOR_NAME = AccentColor;
				ASSETCATALOG_COMPILER_WIDGET_BACKGROUND_COLOR_NAME = WidgetBackground;
				CLANG_ANALYZER_NUMBER_OBJECT_CONVERSION = YES_AGGRESSIVE;
				CLANG_ENABLE_OBJC_WEAK = YES;
				CLANG_WARN_BLOCK_CAPTURE_AUTORELEASING = YES;
				CLANG_WARN_BOOL_CONVERSION = YES;
				CLANG_WARN_COMMA = YES;
				CLANG_WARN_CONSTANT_CONVERSION = YES;
				CLANG_WARN_DEPRECATED_OBJC_IMPLEMENTATIONS = YES;
				CLANG_WARN_DIRECT_OBJC_ISA_USAGE = YES_ERROR;
				CLANG_WARN_DOCUMENTATION_COMMENTS = YES;
				CLANG_WARN_EMPTY_BODY = YES;
				CLANG_WARN_ENUM_CONVERSION = YES;
				CLANG_WARN_INFINITE_RECURSION = YES;
				CLANG_WARN_INT_CONVERSION = YES;
				CLANG_WARN_NON_LITERAL_NULL_CONVERSION = YES;
				CLANG_WARN_OBJC_IMPLICIT_RETAIN_SELF = YES;
				CLANG_WARN_OBJC_LITERAL_CONVERSION = YES;
				CLANG_WARN_OBJC_ROOT_CLASS = YES_ERROR;
				CLANG_WARN_QUOTED_INCLUDE_IN_FRAMEWORK_HEADER = YES;
				CLANG_WARN_RANGE_LOOP_ANALYSIS = YES;
				CLANG_WARN_STRICT_PROTOTYPES = YES;
				CLANG_WARN_SUSPICIOUS_MOVE = YES;
				CLANG_WARN_UNGUARDED_AVAILABILITY = YES_AGGRESSIVE;
				CLANG_WARN_UNREACHABLE_CODE = YES;
				CLANG_WARN__DUPLICATE_METHOD_MATCH = YES;
				CODE_SIGN_STYLE = Automatic;
				CURRENT_PROJECT_VERSION = 1;
				DEVELOPMENT_TEAM = F9ARV6G828;
				GCC_WARN_UNDECLARED_SELECTOR = YES;
				GCC_WARN_UNUSED_FUNCTION = YES;
				GENERATE_INFOPLIST_FILE = YES;
				INFOPLIST_FILE = PomodoroWidgetInfo.plist;
				INFOPLIST_KEY_CFBundleDisplayName = PomodoroWidget;
				INFOPLIST_KEY_NSHumanReadableCopyright = "";
				IPHONEOS_DEPLOYMENT_TARGET = 18.6;
				LD_RUNPATH_SEARCH_PATHS = (
					"$(inherited)",
					"@executable_path/Frameworks",
					"@executable_path/../../Frameworks",
				);
				MARKETING_VERSION = 1.0;
				PRODUCT_BUNDLE_IDENTIFIER = samjacobs.csumb.ActivityKitDemo.PomodoroWidget;
				PRODUCT_NAME = "$(TARGET_NAME)";
				SKIP_INSTALL = YES;
				STRING_CATALOG_GENERATE_SYMBOLS = YES;
				SWIFT_APPROACHABLE_CONCURRENCY = YES;
				SWIFT_EMIT_LOC_STRINGS = YES;
				SWIFT_UPCOMING_FEATURE_MEMBER_IMPORT_VISIBILITY = YES;
				SWIFT_VERSION = 5.0;
				TARGETED_DEVICE_FAMILY = "1,2";
			};
			name = Debug;
		};
		D980121C2F6CB3F500AA85AF /* Release */ = {
			isa = XCBuildConfiguration;
			buildSettings = {
				ASSETCATALOG_COMPILER_GLOBAL_ACCENT_COLOR_NAME = AccentColor;
				ASSETCATALOG_COMPILER_WIDGET_BACKGROUND_COLOR_NAME = WidgetBackground;
				CLANG_ANALYZER_NUMBER_OBJECT_CONVERSION = YES_AGGRESSIVE;
				CLANG_ENABLE_OBJC_WEAK = YES;
				CLANG_WARN_BLOCK_CAPTURE_AUTORELEASING = YES;
				CLANG_WARN_BOOL_CONVERSION = YES;
				CLANG_WARN_COMMA = YES;
				CLANG_WARN_CONSTANT_CONVERSION = YES;
				CLANG_WARN_DEPRECATED_OBJC_IMPLEMENTATIONS = YES;
				CLANG_WARN_DIRECT_OBJC_ISA_USAGE = YES_ERROR;
				CLANG_WARN_DOCUMENTATION_COMMENTS = YES;
				CLANG_WARN_EMPTY_BODY = YES;
				CLANG_WARN_ENUM_CONVERSION = YES;
				CLANG_WARN_INFINITE_RECURSION = YES;
				CLANG_WARN_INT_CONVERSION = YES;
				CLANG_WARN_NON_LITERAL_NULL_CONVERSION = YES;
				CLANG_WARN_OBJC_IMPLICIT_RETAIN_SELF = YES;
				CLANG_WARN_OBJC_LITERAL_CONVERSION = YES;
				CLANG_WARN_OBJC_ROOT_CLASS = YES_ERROR;
				CLANG_WARN_QUOTED_INCLUDE_IN_FRAMEWORK_HEADER = YES;
				CLANG_WARN_RANGE_LOOP_ANALYSIS = YES;
				CLANG_WARN_STRICT_PROTOTYPES = YES;
				CLANG_WARN_SUSPICIOUS_MOVE = YES;
				CLANG_WARN_UNGUARDED_AVAILABILITY = YES_AGGRESSIVE;
				CLANG_WARN_UNREACHABLE_CODE = YES;
				CLANG_WARN__DUPLICATE_METHOD_MATCH = YES;
				CODE_SIGN_STYLE = Automatic;
				CURRENT_PROJECT_VERSION = 1;
				DEVELOPMENT_TEAM = F9ARV6G828;
				GCC_WARN_UNDECLARED_SELECTOR = YES;
				GCC_WARN_UNUSED_FUNCTION = YES;
				GENERATE_INFOPLIST_FILE = YES;
				INFOPLIST_FILE = PomodoroWidgetInfo.plist;
				INFOPLIST_KEY_CFBundleDisplayName = PomodoroWidget;
				INFOPLIST_KEY_NSHumanReadableCopyright = "";
				IPHONEOS_DEPLOYMENT_TARGET = 18.6;
				LD_RUNPATH_SEARCH_PATHS = (
					"$(inherited)",
					"@executable_path/Frameworks",
					"@executable_path/../../Frameworks",
				);
				MARKETING_VERSION = 1.0;
				PRODUCT_BUNDLE_IDENTIFIER = samjacobs.csumb.ActivityKitDemo.PomodoroWidget;
				PRODUCT_NAME = "$(TARGET_NAME)";
				SKIP_INSTALL = YES;
				STRING_CATALOG_GENERATE_SYMBOLS = YES;
				SWIFT_APPROACHABLE_CONCURRENCY = YES;
				SWIFT_EMIT_LOC_STRINGS = YES;
				SWIFT_UPCOMING_FEATURE_MEMBER_IMPORT_VISIBILITY = YES;
				SWIFT_VERSION = 5.0;
				TARGETED_DEVICE_FAMILY = "1,2";
			};
			name = Release;
		};
		DD000016000000000000001 /* Debug */ = {
			isa = XCBuildConfiguration;
			buildSettings = {
				ALWAYS_SEARCH_USER_PATHS = NO;
				ASSETCATALOG_COMPILER_GENERATE_SWIFT_ASSET_SYMBOL_EXTENSIONS = YES;
				CLANG_ANALYZER_NONNULL = YES;
				CLANG_CXX_LANGUAGE_STANDARD = "gnu++20";
				CLANG_ENABLE_MODULES = YES;
				CLANG_ENABLE_OBJC_ARC = YES;
				COPY_PHASE_STRIP = NO;
				DEBUG_INFORMATION_FORMAT = dwarf;
				ENABLE_STRICT_OBJC_MSGSEND = YES;
				ENABLE_TESTABILITY = YES;
				ENABLE_USER_SCRIPT_SANDBOXING = YES;
				GCC_C_LANGUAGE_STANDARD = gnu17;
				GCC_DYNAMIC_NO_PIC = NO;
				GCC_NO_COMMON_BLOCKS = YES;
				GCC_OPTIMIZATION_LEVEL = 0;
				GCC_PREPROCESSOR_DEFINITIONS = (
					"DEBUG=1",
					"$(inherited)",
				);
				GCC_WARN_64_TO_32_BIT_CONVERSION = YES;
				GCC_WARN_ABOUT_RETURN_TYPE = YES_ERROR;
				GCC_WARN_UNINITIALIZED_AUTOS = YES_AGGRESSIVE;
				GCC_WARN_UNUSED_VARIABLE = YES;
				IPHONEOS_DEPLOYMENT_TARGET = 17.2;
				LOCALIZATION_PREFERS_STRING_CATALOGS = YES;
				MTL_ENABLE_DEBUG_INFO = INCLUDE_SOURCE;
				MTL_FAST_MATH = YES;
				ONLY_ACTIVE_ARCH = YES;
				SDKROOT = iphoneos;
				SWIFT_ACTIVE_COMPILATION_CONDITIONS = "DEBUG $(inherited)";
				SWIFT_OPTIMIZATION_LEVEL = "-Onone";
			};
			name = Debug;
		};
		DD000017000000000000001 /* Release */ = {
			isa = XCBuildConfiguration;
			buildSettings = {
				ALWAYS_SEARCH_USER_PATHS = NO;
				ASSETCATALOG_COMPILER_GENERATE_SWIFT_ASSET_SYMBOL_EXTENSIONS = YES;
				CLANG_ANALYZER_NONNULL = YES;
				CLANG_CXX_LANGUAGE_STANDARD = "gnu++20";
				CLANG_ENABLE_MODULES = YES;
				CLANG_ENABLE_OBJC_ARC = YES;
				COPY_PHASE_STRIP = NO;
				DEBUG_INFORMATION_FORMAT = "dwarf-with-dsym";
				ENABLE_NS_ASSERTIONS = NO;
				ENABLE_STRICT_OBJC_MSGSEND = YES;
				ENABLE_USER_SCRIPT_SANDBOXING = YES;
				GCC_C_LANGUAGE_STANDARD = gnu17;
				GCC_NO_COMMON_BLOCKS = YES;
				GCC_WARN_64_TO_32_BIT_CONVERSION = YES;
				GCC_WARN_ABOUT_RETURN_TYPE = YES_ERROR;
				GCC_WARN_UNINITIALIZED_AUTOS = YES_AGGRESSIVE;
				GCC_WARN_UNUSED_VARIABLE = YES;
				IPHONEOS_DEPLOYMENT_TARGET = 17.2;
				LOCALIZATION_PREFERS_STRING_CATALOGS = YES;
				MTL_ENABLE_DEBUG_INFO = NO;
				MTL_FAST_MATH = YES;
				SDKROOT = iphoneos;
				SWIFT_COMPILATION_MODE = wholemodule;
				VALIDATE_PRODUCT = YES;
			};
			name = Release;
		};
		DD000018000000000000001 /* Debug */ = {
			isa = XCBuildConfiguration;
			buildSettings = {
				ASSETCATALOG_COMPILER_APPICON_NAME = AppIcon;
				ASSETCATALOG_COMPILER_GLOBAL_ACCENT_COLOR_NAME = AccentColor;
				CODE_SIGN_STYLE = Automatic;
				CURRENT_PROJECT_VERSION = 1;
				DEVELOPMENT_ASSET_PATHS = "\"ActivityKitDemo/Preview Content\"";
				DEVELOPMENT_TEAM = F9ARV6G828;
				ENABLE_PREVIEWS = YES;
				GENERATE_INFOPLIST_FILE = YES;
				INFOPLIST_KEY_NSSupportsLiveActivities = YES;
				INFOPLIST_KEY_UIApplicationSceneManifest_Generation = YES;
				INFOPLIST_KEY_UIApplicationSupportsIndirectInputEvents = YES;
				INFOPLIST_KEY_UILaunchScreen_Generation = YES;
				INFOPLIST_KEY_UISupportedInterfaceOrientations_iPad = "UIInterfaceOrientationPortrait UIInterfaceOrientationPortraitUpsideDown UIInterfaceOrientationLandscapeLeft UIInterfaceOrientationLandscapeRight";
				INFOPLIST_KEY_UISupportedInterfaceOrientations_iPhone = "UIInterfaceOrientationPortrait UIInterfaceOrientationLandscapeLeft UIInterfaceOrientationLandscapeRight";
				IPHONEOS_DEPLOYMENT_TARGET = 18.6;
				LD_RUNPATH_SEARCH_PATHS = (
					"$(inherited)",
					"@executable_path/Frameworks",
				);
				MARKETING_VERSION = 1.0;
				PRODUCT_BUNDLE_IDENTIFIER = samjacobs.csumb.ActivityKitDemo;
				PRODUCT_NAME = "$(TARGET_NAME)";
				SWIFT_EMIT_LOC_STRINGS = YES;
				SWIFT_VERSION = 5.0;
				TARGETED_DEVICE_FAMILY = "1,2";
			};
			name = Debug;
		};
		DD000019000000000000001 /* Release */ = {
			isa = XCBuildConfiguration;
			buildSettings = {
				ASSETCATALOG_COMPILER_APPICON_NAME = AppIcon;
				ASSETCATALOG_COMPILER_GLOBAL_ACCENT_COLOR_NAME = AccentColor;
				CODE_SIGN_STYLE = Automatic;
				CURRENT_PROJECT_VERSION = 1;
				DEVELOPMENT_ASSET_PATHS = "\"ActivityKitDemo/Preview Content\"";
				DEVELOPMENT_TEAM = F9ARV6G828;
				ENABLE_PREVIEWS = YES;
				GENERATE_INFOPLIST_FILE = YES;
				INFOPLIST_KEY_NSSupportsLiveActivities = YES;
				INFOPLIST_KEY_UIApplicationSceneManifest_Generation = YES;
				INFOPLIST_KEY_UIApplicationSupportsIndirectInputEvents = YES;
				INFOPLIST_KEY_UILaunchScreen_Generation = YES;
				INFOPLIST_KEY_UISupportedInterfaceOrientations_iPad = "UIInterfaceOrientationPortrait UIInterfaceOrientationPortraitUpsideDown UIInterfaceOrientationLandscapeLeft UIInterfaceOrientationLandscapeRight";
				INFOPLIST_KEY_UISupportedInterfaceOrientations_iPhone = "UIInterfaceOrientationPortrait UIInterfaceOrientationLandscapeLeft UIInterfaceOrientationLandscapeRight";
				IPHONEOS_DEPLOYMENT_TARGET = 18.6;
				LD_RUNPATH_SEARCH_PATHS = (
					"$(inherited)",
					"@executable_path/Frameworks",
				);
				MARKETING_VERSION = 1.0;
				PRODUCT_BUNDLE_IDENTIFIER = samjacobs.csumb.ActivityKitDemo;
				PRODUCT_NAME = "$(TARGET_NAME)";
				SWIFT_EMIT_LOC_STRINGS = YES;
				SWIFT_VERSION = 5.0;
				TARGETED_DEVICE_FAMILY = "1,2";
			};
			name = Release;
		};
/* End XCBuildConfiguration section */

/* Begin XCConfigurationList section */
		D980121A2F6CB3F500AA85AF /* Build configuration list for PBXNativeTarget "PomodoroWidgetExtension" */ = {
			isa = XCConfigurationList;
			buildConfigurations = (
				D980121B2F6CB3F500AA85AF /* Debug */,
				D980121C2F6CB3F500AA85AF /* Release */,
			);
			defaultConfigurationIsVisible = 0;
			defaultConfigurationName = Release;
		};
		DD000011000000000000001 /* Build configuration list for PBXNativeTarget "ActivityKitDemo" */ = {
			isa = XCConfigurationList;
			buildConfigurations = (
				DD000018000000000000001 /* Debug */,
				DD000019000000000000001 /* Release */,
			);
			defaultConfigurationIsVisible = 0;
			defaultConfigurationName = Release;
		};
		DD000015000000000000001 /* Build configuration list for PBXProject "ActivityKitDemo" */ = {
			isa = XCConfigurationList;
			buildConfigurations = (
				DD000016000000000000001 /* Debug */,
				DD000017000000000000001 /* Release */,
			);
			defaultConfigurationIsVisible = 0;
			defaultConfigurationName = Release;
		};
/* End XCConfigurationList section */
	};
	rootObject = DD000014000000000000001 /* Project object */;
}
